
Microsoft Visual Studio Solution File, Format Version 12.00
# Visual Studio Version 17
VisualStudioVersion = 17.14.36623.8
MinimumVisualStudioVersion = 10.0.40219.1
Project("{FAE04EC0-301F-11D3-BF4B-00C04F79EFBC}") = "ProductManagement.Domain", "ProductManagement.Domain\ProductManagement.Domain.csproj", "{D5684B2A-3B40-464C-BB9A-E3F709E9A4F7}"
EndProject
Project("{FAE04EC0-301F-11D3-BF4B-00C04F79EFBC}") = "ProductManagement.Application", "ProductManagement.Application\ProductManagement.Application.csproj", "{59FCA271-2084-4930-BD8F-C2DB8DBDDFA8}"
EndProject
Project("{FAE04EC0-301F-11D3-BF4B-00C04F79EFBC}") = "ProductManagement.Infrastructure", "ProductManagement.Infrastructure\ProductManagement.Infrastructure.csproj", "{29D85A48-E97A-4E79-AD80-AB8987E5A771}"
EndProject
Project("{FAE04EC0-301F-11D3-BF4B-00C04F79EFBC}") = "ProductManagement.API", "ProductManagement.API\ProductManagement.API.csproj", "{7B25706B-1074-4A8C-A669-8244D7FF75BC}"
EndProject
Global
	GlobalSection(SolutionConfigurationPlatforms) = preSolution
		Debug|Any CPU = Debug|Any CPU
		Release|Any CPU = Release|Any CPU
	EndGlobalSection
	GlobalSection(ProjectConfigurationPlatforms) = postSolution
		{D5684B2A-3B40-464C-BB9A-E3F709E9A4F7}.Debug|Any CPU.ActiveCfg = Debug|Any CPU
		{D5684B2A-3B40-464C-BB9A-E3F709E9A4F7}.Debug|Any CPU.Build.0 = Debug|Any CPU
		{D5684B2A-3B40-464C-BB9A-E3F709E9A4F7}.Release|Any CPU.ActiveCfg = Release|Any CPU
		{D5684B2A-3B40-464C-BB9A-E3F709E9A4F7}.Release|Any CPU.Build.0 = Release|Any CPU
		{59FCA271-2084-4930-BD8F-C2DB8DBDDFA8}.Debug|Any CPU.ActiveCfg = Debug|Any CPU
		{59FCA271-2084-4930-BD8F-C2DB8DBDDFA8}.Debug|Any CPU.Build.0 = Debug|Any CPU
		{59FCA271-2084-4930-BD8F-C2DB8DBDDFA8}.Release|Any CPU.ActiveCfg = Release|Any CPU
		{59FCA271-2084-4930-BD8F-C2DB8DBDDFA8}.Release|Any CPU.Build.0 = Release|Any CPU
		{29D85A48-E97A-4E79-AD80-AB8987E5A771}.Debug|Any CPU.ActiveCfg = Debug|Any CPU
		{29D85A48-E97A-4E79-AD80-AB8987E5A771}.Debug|Any CPU.Build.0 = Debug|Any CPU
		{29D85A48-E97A-4E79-AD80-AB8987E5A771}.Release|Any CPU.ActiveCfg = Release|Any CPU
		{29D85A48-E97A-4E79-AD80-AB8987E5A771}.Release|Any CPU.Build.0 = Release|Any CPU
		{7B25706B-1074-4A8C-A669-8244D7FF75BC}.Debug|Any CPU.ActiveCfg = Debug|Any CPU
		{7B25706B-1074-4A8C-A669-8244D7FF75BC}.Debug|Any CPU.Build.0 = Debug|Any CPU
		{7B25706B-1074-4A8C-A669-8244D7FF75BC}.Release|Any CPU.ActiveCfg = Release|Any CPU
		{7B25706B-1074-4A8C-A669-8244D7FF75BC}.Release|Any CPU.Build.0 = Release|Any CPU
	EndGlobalSection
	GlobalSection(SolutionProperties) = preSolution
		HideSolutionNode = FALSE
	EndGlobalSection
	GlobalSection(ExtensibilityGlobals) = postSolution
		SolutionGuid = {CA575F8E-0B18-4B00-94EE-CF1F5BAEF34D}
	EndGlobalSection
EndGlobal
